
Microsoft Visual Studio Solution File, Format Version 12.00
# Visual Studio Version 17
VisualStudioVersion = 17.14.36811.4 d17.14
MinimumVisualStudioVersion = 10.0.40219.1
Project("{FAE04EC0-301F-11D3-BF4B-00C04F79EFBC}") = "CIEMPOS", "CIEMPOS\CIEMPOS.csproj", "{2B2BDE29-91BB-4F98-AF55-1335E418521F}"
EndProject
Global
	GlobalSection(SolutionConfigurationPlatforms) = preSolution
		Debug|Any CPU = Debug|Any CPU
		Release|Any CPU = Release|Any CPU
	EndGlobalSection
	GlobalSection(ProjectConfigurationPlatforms) = postSolution
		{2B2BDE29-91BB-4F98-AF55-1335E418521F}.Debug|Any CPU.ActiveCfg = Debug|Any CPU
		{2B2BDE29-91BB-4F98-AF55-1335E418521F}.Debug|Any CPU.Build.0 = Debug|Any CPU
		{2B2BDE29-91BB-4F98-AF55-1335E418521F}.Release|Any CPU.ActiveCfg = Release|Any CPU
		{2B2BDE29-91BB-4F98-AF55-1335E418521F}.Release|Any CPU.Build.0 = Release|Any CPU
	EndGlobalSection
	GlobalSection(SolutionProperties) = preSolution
		HideSolutionNode = FALSE
	EndGlobalSection
	GlobalSection(ExtensibilityGlobals) = postSolution
		SolutionGuid = {80DFF30A-C795-450E-8DA4-CC773E9135EE}
	EndGlobalSection
EndGlobal
